{
  "name": "react-key-listener",
  "version": "0.0.1",
  "lockfileVersion": 1,
  "requires": true,
  "dependencies": {
    "flow-bin": {
      "version": "0.89.0",
      "resolved": "https://registry.npmjs.org/flow-bin/-/flow-bin-0.89.0.tgz",
      "integrity": "sha512-DkO4PsXYrl53V6G5+t5HbRMC5ajYUQej2LEGPUZ+j9okTb41Sn5j9vfxsCpXMEAslYnQoysHhYu4GUZsQX/DrQ==",
      "dev": true
    }
  }
}
