{
	"name": "regl-worldview",
	"version": "0.0.1",
	"lockfileVersion": 1,
	"requires": true,
	"dependencies": {
		"batch-processor": {
			"version": "1.0.0",
			"resolved": "https://registry.npmjs.org/batch-processor/-/batch-processor-1.0.0.tgz",
			"integrity": "sha1-dclcMrdI4IUNEMKxaPa9vpiRrOg="
		},
		"earcut": {
			"version": "2.1.3",
			"resolved": "https://registry.npmjs.org/earcut/-/earcut-2.1.3.tgz",
			"integrity": "sha512-AxdCdWUk1zzK/NuZ7e1ljj6IGC+VAdC3Qb7QQDsXpfNrc5IM8tL9nNXUmEGE6jRHTfZ10zhzRhtDmWVsR5pd3A=="
		},
		"element-resize-detector": {
			"version": "1.1.14",
			"resolved": "https://registry.npmjs.org/element-resize-detector/-/element-resize-detector-1.1.14.tgz",
			"integrity": "sha1-rwZKCmGKggrVcKlcXuxbd74BKME=",
			"requires": {
				"batch-processor": "^1.0.0"
			}
		},
		"flow-bin": {
			"version": "0.89.0",
			"resolved": "https://registry.npmjs.org/flow-bin/-/flow-bin-0.89.0.tgz",
			"integrity": "sha512-DkO4PsXYrl53V6G5+t5HbRMC5ajYUQej2LEGPUZ+j9okTb41Sn5j9vfxsCpXMEAslYnQoysHhYu4GUZsQX/DrQ==",
			"dev": true
		},
		"gl-matrix": {
			"version": "2.8.1",
			"resolved": "https://registry.npmjs.org/gl-matrix/-/gl-matrix-2.8.1.tgz",
			"integrity": "sha512-0YCjVpE3pS5XWlN3J4X7AiAx65+nqAI54LndtVFnQZB6G/FVLkZH8y8V6R3cIoOQR4pUdfwQGd1iwyoXHJ4Qfw=="
		},
		"invariant": {
			"version": "2.2.4",
			"resolved": "https://registry.npmjs.org/invariant/-/invariant-2.2.4.tgz",
			"integrity": "sha512-phJfQVBuaJM5raOpJjSfkiD6BpbCE4Ns//LaXl6wGYtUBY83nWS6Rf9tXm2e8VaK60JEjYldbPif/A2B1C2gNA==",
			"requires": {
				"loose-envify": "^1.0.0"
			}
		},
		"js-tokens": {
			"version": "4.0.0",
			"resolved": "https://registry.npmjs.org/js-tokens/-/js-tokens-4.0.0.tgz",
			"integrity": "sha512-RdJUflcE3cUzKiMqQgsCu06FPu9UdIJO0beYbPhHN4k6apgJtifcoCtT9bcxOpYBtpD2kCM6Sbzg4CausW/PKQ=="
		},
		"lodash": {
			"version": "4.17.11",
			"resolved": "https://registry.npmjs.org/lodash/-/lodash-4.17.11.tgz",
			"integrity": "sha512-cQKh8igo5QUhZ7lg38DYWAxMvjSAKG0A8wGSVimP07SIUEK2UO+arSRKbRZWtelMtN5V0Hkwh5ryOto/SshYIg=="
		},
		"loose-envify": {
			"version": "1.4.0",
			"resolved": "https://registry.npmjs.org/loose-envify/-/loose-envify-1.4.0.tgz",
			"integrity": "sha512-lyuxPGr/Wfhrlem2CL/UcnUc1zcqKAImBDzukY7Y5F/yQiNdko6+fRLevlw1HgMySw7f611UIY408EtxRSoK3Q==",
			"requires": {
				"js-tokens": "^3.0.0 || ^4.0.0"
			}
		},
		"normalize-wheel": {
			"version": "1.0.1",
			"resolved": "https://registry.npmjs.org/normalize-wheel/-/normalize-wheel-1.0.1.tgz",
			"integrity": "sha1-rsiGr/2wRQcNhWRH32Ls+GFG7EU="
		},
		"object-assign": {
			"version": "4.1.1",
			"resolved": "https://registry.npmjs.org/object-assign/-/object-assign-4.1.1.tgz",
			"integrity": "sha1-IQmtx5ZYh8/AXLvUQsrIv7s2CGM="
		},
		"prop-types": {
			"version": "15.6.2",
			"resolved": "https://registry.npmjs.org/prop-types/-/prop-types-15.6.2.tgz",
			"integrity": "sha512-3pboPvLiWD7dkI3qf3KbUe6hKFKa52w+AE0VCqECtf+QHAKgOL37tTaNCnuX1nAAQ4ZhyP+kYVKf8rLmJ/feDQ==",
			"requires": {
				"loose-envify": "^1.3.1",
				"object-assign": "^4.1.1"
			}
		},
		"react-container-dimensions": {
			"version": "1.3.3",
			"resolved": "https://registry.npmjs.org/react-container-dimensions/-/react-container-dimensions-1.3.3.tgz",
			"integrity": "sha1-XaMB4w3stEn7DO8aKrIQ35cMpx4=",
			"requires": {
				"element-resize-detector": "^1.1.10",
				"invariant": "^2.2.2",
				"prop-types": "^15.5.8"
			}
		},
		"regl": {
			"version": "1.3.9",
			"resolved": "https://registry.npmjs.org/regl/-/regl-1.3.9.tgz",
			"integrity": "sha512-CungQSUBsZNYZJWJlb2sPe4iwBjmxrgl1Yxt91HN3VuuEL7lJ5k03O3T1xEXVOCMN1q8wncddwJsxozuyzzmrA=="
		},
		"reselect": {
			"version": "3.0.1",
			"resolved": "https://registry.npmjs.org/reselect/-/reselect-3.0.1.tgz",
			"integrity": "sha1-79qpjqdFEyTQkrKyFjpqHXqaIUc="
		}
	}
}
