{
	"name": "regl-worldview",
	"version": "0.0.7",
	"lockfileVersion": 1,
	"requires": true,
	"dependencies": {
		"@babel/code-frame": {
			"version": "7.0.0",
			"resolved": "https://registry.npmjs.org/@babel/code-frame/-/code-frame-7.0.0.tgz",
			"integrity": "sha512-OfC2uemaknXr87bdLUkWog7nYuliM9Ij5HUcajsVcMCpQrcLmtxRbVFTIqmcSkSeYRBFBRxs2FiUqFJDLdiebA==",
			"requires": {
				"@babel/highlight": "^7.0.0"
			}
		},
		"@babel/helper-plugin-utils": {
			"version": "7.0.0",
			"resolved": "https://registry.npmjs.org/@babel/helper-plugin-utils/-/helper-plugin-utils-7.0.0.tgz",
			"integrity": "sha512-CYAOUCARwExnEixLdB6sDm2dIJ/YgEAKDM1MOeMeZu9Ld/bDgVo8aiWrXwcY7OBh+1Ea2uUcVRcxKk0GJvW7QA=="
		},
		"@babel/highlight": {
			"version": "7.0.0",
			"resolved": "https://registry.npmjs.org/@babel/highlight/-/highlight-7.0.0.tgz",
			"integrity": "sha512-UFMC4ZeFC48Tpvj7C8UgLvtkaUuovQX+5xNWrsIoMG8o2z+XFKjKaN9iVmS84dPwVN00W4wPmqvYoZF3EGAsfw==",
			"requires": {
				"chalk": "^2.0.0",
				"esutils": "^2.0.2",
				"js-tokens": "^4.0.0"
			}
		},
		"@babel/plugin-syntax-dynamic-import": {
			"version": "7.2.0",
			"resolved": "https://registry.npmjs.org/@babel/plugin-syntax-dynamic-import/-/plugin-syntax-dynamic-import-7.2.0.tgz",
			"integrity": "sha512-mVxuJ0YroI/h/tbFTPGZR8cv6ai+STMKNBq0f8hFxsxWjl94qqhsb+wXbpNMDPU3cfR1TIsVFzU3nXyZMqyK4w==",
			"requires": {
				"@babel/helper-plugin-utils": "^7.0.0"
			}
		},
		"@types/estree": {
			"version": "0.0.39",
			"resolved": "https://registry.npmjs.org/@types/estree/-/estree-0.0.39.tgz",
			"integrity": "sha512-EYNwp3bU+98cpU4lAWYYL7Zz+2gryWH1qbdDTidVd6hkiR6weksdbMadyXKXNPEkQFhXM+hVO9ZygomHXp+AIw==",
			"dev": true
		},
		"@types/node": {
			"version": "10.12.18",
			"resolved": "https://registry.npmjs.org/@types/node/-/node-10.12.18.tgz",
			"integrity": "sha512-fh+pAqt4xRzPfqA6eh3Z2y6fyZavRIumvjhaCL753+TVkGKGhpPeyrJG2JftD0T9q4GF00KjefsQ+PQNDdWQaQ==",
			"dev": true
		},
		"acorn": {
			"version": "6.0.5",
			"resolved": "https://registry.npmjs.org/acorn/-/acorn-6.0.5.tgz",
			"integrity": "sha512-i33Zgp3XWtmZBMNvCr4azvOFeWVw1Rk6p3hfi3LUDvIFraOMywb1kAtrbi+med14m4Xfpqm3zRZMT+c0FNE7kg==",
			"dev": true
		},
		"ansi-styles": {
			"version": "3.2.1",
			"resolved": "https://registry.npmjs.org/ansi-styles/-/ansi-styles-3.2.1.tgz",
			"integrity": "sha512-VT0ZI6kZRdTh8YyJw3SMbYm/u+NqfsAxEpWO0Pf9sq8/e94WxxOpPKx9FR1FlyCtOVDNOQ+8ntlqFxiRc+r5qA==",
			"requires": {
				"color-convert": "^1.9.0"
			}
		},
		"batch-processor": {
			"version": "1.0.0",
			"resolved": "https://registry.npmjs.org/batch-processor/-/batch-processor-1.0.0.tgz",
			"integrity": "sha1-dclcMrdI4IUNEMKxaPa9vpiRrOg="
		},
		"buffer-from": {
			"version": "1.1.1",
			"resolved": "https://registry.npmjs.org/buffer-from/-/buffer-from-1.1.1.tgz",
			"integrity": "sha512-MQcXEUbCKtEo7bhqEs6560Hyd4XaovZlO/k9V3hjVUF/zwW7KBVdSK4gIt/bzwS9MbR5qob+F5jusZsb0YQK2A=="
		},
		"chalk": {
			"version": "2.4.1",
			"resolved": "https://registry.npmjs.org/chalk/-/chalk-2.4.1.tgz",
			"integrity": "sha512-ObN6h1v2fTJSmUXoS3nMQ92LbDK9be4TV+6G+omQlGJFdcUX5heKi1LZ1YnRMIgwTLEj3E24bT6tYni50rlCfQ==",
			"requires": {
				"ansi-styles": "^3.2.1",
				"escape-string-regexp": "^1.0.5",
				"supports-color": "^5.3.0"
			}
		},
		"color-convert": {
			"version": "1.9.3",
			"resolved": "https://registry.npmjs.org/color-convert/-/color-convert-1.9.3.tgz",
			"integrity": "sha512-QfAUtd+vFdAtFQcC8CCyYt1fYWxSqAiK2cSD6zDB8N3cpsEBAvRxp9zOGg6G/SHHJYAT88/az/IuDGALsNVbGg==",
			"requires": {
				"color-name": "1.1.3"
			}
		},
		"color-name": {
			"version": "1.1.3",
			"resolved": "https://registry.npmjs.org/color-name/-/color-name-1.1.3.tgz",
			"integrity": "sha1-p9BVi9icQveV3UIyj3QIMcpTvCU="
		},
		"colors": {
			"version": "1.3.3",
			"resolved": "https://registry.npmjs.org/colors/-/colors-1.3.3.tgz",
			"integrity": "sha512-mmGt/1pZqYRjMxB1axhTo16/snVZ5krrKkcmMeVKxzECMMXoCgnvTPp10QgHfcbQZw8Dq2jMNG6je4JlWU0gWg==",
			"dev": true
		},
		"commander": {
			"version": "2.17.1",
			"resolved": "https://registry.npmjs.org/commander/-/commander-2.17.1.tgz",
			"integrity": "sha512-wPMUt6FnH2yzG95SA6mzjQOEKUU3aLaDEmzs1ti+1E9h+CsrZghRlqEM/EJ4KscsQVG8uNN4uVreUeT8+drlgg=="
		},
		"core-util-is": {
			"version": "1.0.2",
			"resolved": "https://registry.npmjs.org/core-util-is/-/core-util-is-1.0.2.tgz",
			"integrity": "sha1-tf1UIgqivFq1eqtxQMlAdUUDwac="
		},
		"deep-is": {
			"version": "0.1.3",
			"resolved": "https://registry.npmjs.org/deep-is/-/deep-is-0.1.3.tgz",
			"integrity": "sha1-s2nW+128E+7PUk+RsHD+7cNXzzQ="
		},
		"earcut": {
			"version": "2.1.3",
			"resolved": "https://registry.npmjs.org/earcut/-/earcut-2.1.3.tgz",
			"integrity": "sha512-AxdCdWUk1zzK/NuZ7e1ljj6IGC+VAdC3Qb7QQDsXpfNrc5IM8tL9nNXUmEGE6jRHTfZ10zhzRhtDmWVsR5pd3A=="
		},
		"element-resize-detector": {
			"version": "1.1.14",
			"resolved": "https://registry.npmjs.org/element-resize-detector/-/element-resize-detector-1.1.14.tgz",
			"integrity": "sha1-rwZKCmGKggrVcKlcXuxbd74BKME=",
			"requires": {
				"batch-processor": "^1.0.0"
			}
		},
		"escape-string-regexp": {
			"version": "1.0.5",
			"resolved": "https://registry.npmjs.org/escape-string-regexp/-/escape-string-regexp-1.0.5.tgz",
			"integrity": "sha1-G2HAViGQqN/2rjuyzwIAyhMLhtQ="
		},
		"escodegen": {
			"version": "1.11.0",
			"resolved": "https://registry.npmjs.org/escodegen/-/escodegen-1.11.0.tgz",
			"integrity": "sha512-IeMV45ReixHS53K/OmfKAIztN/igDHzTJUhZM3k1jMhIZWjk45SMwAtBsEXiJp3vSPmTcu6CXn7mDvFHRN66fw==",
			"requires": {
				"esprima": "^3.1.3",
				"estraverse": "^4.2.0",
				"esutils": "^2.0.2",
				"optionator": "^0.8.1",
				"source-map": "~0.6.1"
			}
		},
		"esprima": {
			"version": "3.1.3",
			"resolved": "https://registry.npmjs.org/esprima/-/esprima-3.1.3.tgz",
			"integrity": "sha1-/cpRzuYTOJXjyI1TXOSdv/YqRjM="
		},
		"estraverse": {
			"version": "4.2.0",
			"resolved": "https://registry.npmjs.org/estraverse/-/estraverse-4.2.0.tgz",
			"integrity": "sha1-De4/7TH81GlhjOc0IJn8GvoL2xM="
		},
		"esutils": {
			"version": "2.0.2",
			"resolved": "https://registry.npmjs.org/esutils/-/esutils-2.0.2.tgz",
			"integrity": "sha1-Cr9PHKpbyx96nYrMbepPqqBLrJs="
		},
		"fast-levenshtein": {
			"version": "2.0.6",
			"resolved": "https://registry.npmjs.org/fast-levenshtein/-/fast-levenshtein-2.0.6.tgz",
			"integrity": "sha1-PYpcZog6FqMMqGQ+hR8Zuqd5eRc="
		},
		"flow-bin": {
			"version": "0.80.0",
			"resolved": "https://registry.npmjs.org/flow-bin/-/flow-bin-0.80.0.tgz",
			"integrity": "sha512-0wRnqvXErQRPrx6GBLB5swgndfWkotd9MgfePgT7Z+VsE046c8Apzl7KKTCypB/pzn0pZF2g5Jurxxb2umET8g==",
			"dev": true
		},
		"fs-extra": {
			"version": "3.0.1",
			"resolved": "https://registry.npmjs.org/fs-extra/-/fs-extra-3.0.1.tgz",
			"integrity": "sha1-N5TzeMWLNC6n27sjCVEJxLO2IpE=",
			"dev": true,
			"requires": {
				"graceful-fs": "^4.1.2",
				"jsonfile": "^3.0.0",
				"universalify": "^0.1.0"
			}
		},
		"gl-matrix": {
			"version": "2.8.1",
			"resolved": "https://registry.npmjs.org/gl-matrix/-/gl-matrix-2.8.1.tgz",
			"integrity": "sha512-0YCjVpE3pS5XWlN3J4X7AiAx65+nqAI54LndtVFnQZB6G/FVLkZH8y8V6R3cIoOQR4pUdfwQGd1iwyoXHJ4Qfw=="
		},
		"graceful-fs": {
			"version": "4.1.15",
			"resolved": "https://registry.npmjs.org/graceful-fs/-/graceful-fs-4.1.15.tgz",
			"integrity": "sha512-6uHUhOPEBgQ24HM+r6b/QwWfZq+yiFcipKFrOFiBEnWdy5sdzYoi+pJeQaPI5qOLRFqWmAXUPQNsielzdLoecA==",
			"dev": true
		},
		"has-flag": {
			"version": "3.0.0",
			"resolved": "https://registry.npmjs.org/has-flag/-/has-flag-3.0.0.tgz",
			"integrity": "sha1-tdRU3CGZriJWmfNGfloH87lVuv0="
		},
		"inherits": {
			"version": "2.0.3",
			"resolved": "https://registry.npmjs.org/inherits/-/inherits-2.0.3.tgz",
			"integrity": "sha1-Yzwsg+PaQqUC9SRmAiSA9CCCYd4="
		},
		"invariant": {
			"version": "2.2.4",
			"resolved": "https://registry.npmjs.org/invariant/-/invariant-2.2.4.tgz",
			"integrity": "sha512-phJfQVBuaJM5raOpJjSfkiD6BpbCE4Ns//LaXl6wGYtUBY83nWS6Rf9tXm2e8VaK60JEjYldbPif/A2B1C2gNA==",
			"requires": {
				"loose-envify": "^1.0.0"
			}
		},
		"isarray": {
			"version": "1.0.0",
			"resolved": "https://registry.npmjs.org/isarray/-/isarray-1.0.0.tgz",
			"integrity": "sha1-u5NdSFgsuhaMBoNJV6VKPgcSTxE="
		},
		"jest-worker": {
			"version": "23.2.0",
			"resolved": "https://registry.npmjs.org/jest-worker/-/jest-worker-23.2.0.tgz",
			"integrity": "sha1-+vcGqNo2+uYOsmlXJX+ntdjqArk=",
			"requires": {
				"merge-stream": "^1.0.1"
			}
		},
		"js-tokens": {
			"version": "4.0.0",
			"resolved": "https://registry.npmjs.org/js-tokens/-/js-tokens-4.0.0.tgz",
			"integrity": "sha512-RdJUflcE3cUzKiMqQgsCu06FPu9UdIJO0beYbPhHN4k6apgJtifcoCtT9bcxOpYBtpD2kCM6Sbzg4CausW/PKQ=="
		},
		"jsonfile": {
			"version": "3.0.1",
			"resolved": "https://registry.npmjs.org/jsonfile/-/jsonfile-3.0.1.tgz",
			"integrity": "sha1-pezG9l9T9mLEQVx2daAzHQmS7GY=",
			"dev": true,
			"requires": {
				"graceful-fs": "^4.1.6"
			}
		},
		"lave": {
			"version": "1.1.10",
			"resolved": "https://registry.npmjs.org/lave/-/lave-1.1.10.tgz",
			"integrity": "sha1-BiIHZSxVAtfG/wlsneOZVAH2NNU="
		},
		"levn": {
			"version": "0.3.0",
			"resolved": "https://registry.npmjs.org/levn/-/levn-0.3.0.tgz",
			"integrity": "sha1-OwmSTt+fCDwEkP3UwLxEIeBHZO4=",
			"requires": {
				"prelude-ls": "~1.1.2",
				"type-check": "~0.3.2"
			}
		},
		"lodash": {
			"version": "4.17.11",
			"resolved": "https://registry.npmjs.org/lodash/-/lodash-4.17.11.tgz",
			"integrity": "sha512-cQKh8igo5QUhZ7lg38DYWAxMvjSAKG0A8wGSVimP07SIUEK2UO+arSRKbRZWtelMtN5V0Hkwh5ryOto/SshYIg=="
		},
		"loose-envify": {
			"version": "1.4.0",
			"resolved": "https://registry.npmjs.org/loose-envify/-/loose-envify-1.4.0.tgz",
			"integrity": "sha512-lyuxPGr/Wfhrlem2CL/UcnUc1zcqKAImBDzukY7Y5F/yQiNdko6+fRLevlw1HgMySw7f611UIY408EtxRSoK3Q==",
			"requires": {
				"js-tokens": "^3.0.0 || ^4.0.0"
			}
		},
		"merge-stream": {
			"version": "1.0.1",
			"resolved": "https://registry.npmjs.org/merge-stream/-/merge-stream-1.0.1.tgz",
			"integrity": "sha1-QEEgLVCKNCugAXQAjfDCUbjBNeE=",
			"requires": {
				"readable-stream": "^2.0.1"
			}
		},
		"normalize-wheel": {
			"version": "1.0.1",
			"resolved": "https://registry.npmjs.org/normalize-wheel/-/normalize-wheel-1.0.1.tgz",
			"integrity": "sha1-rsiGr/2wRQcNhWRH32Ls+GFG7EU="
		},
		"object-assign": {
			"version": "4.1.1",
			"resolved": "https://registry.npmjs.org/object-assign/-/object-assign-4.1.1.tgz",
			"integrity": "sha1-IQmtx5ZYh8/AXLvUQsrIv7s2CGM="
		},
		"optionator": {
			"version": "0.8.2",
			"resolved": "https://registry.npmjs.org/optionator/-/optionator-0.8.2.tgz",
			"integrity": "sha1-NkxeQJ0/TWMB1sC0wFu6UBgK62Q=",
			"requires": {
				"deep-is": "~0.1.3",
				"fast-levenshtein": "~2.0.4",
				"levn": "~0.3.0",
				"prelude-ls": "~1.1.2",
				"type-check": "~0.3.2",
				"wordwrap": "~1.0.0"
			}
		},
		"prelude-ls": {
			"version": "1.1.2",
			"resolved": "https://registry.npmjs.org/prelude-ls/-/prelude-ls-1.1.2.tgz",
			"integrity": "sha1-IZMqVJ9eUv/ZqCf1cOBL5iqX2lQ="
		},
		"process-nextick-args": {
			"version": "2.0.0",
			"resolved": "https://registry.npmjs.org/process-nextick-args/-/process-nextick-args-2.0.0.tgz",
			"integrity": "sha512-MtEC1TqN0EU5nephaJ4rAtThHtC86dNN9qCuEhtshvpVBkAW5ZO7BASN9REnF9eoXGcRub+pFuKEpOHE+HbEMw=="
		},
		"prop-types": {
			"version": "15.6.2",
			"resolved": "https://registry.npmjs.org/prop-types/-/prop-types-15.6.2.tgz",
			"integrity": "sha512-3pboPvLiWD7dkI3qf3KbUe6hKFKa52w+AE0VCqECtf+QHAKgOL37tTaNCnuX1nAAQ4ZhyP+kYVKf8rLmJ/feDQ==",
			"requires": {
				"loose-envify": "^1.3.1",
				"object-assign": "^4.1.1"
			}
		},
		"react-container-dimensions": {
			"version": "1.3.3",
			"resolved": "https://registry.npmjs.org/react-container-dimensions/-/react-container-dimensions-1.3.3.tgz",
			"integrity": "sha1-XaMB4w3stEn7DO8aKrIQ35cMpx4=",
			"requires": {
				"element-resize-detector": "^1.1.10",
				"invariant": "^2.2.2",
				"prop-types": "^15.5.8"
			}
		},
		"readable-stream": {
			"version": "2.3.6",
			"resolved": "http://registry.npmjs.org/readable-stream/-/readable-stream-2.3.6.tgz",
			"integrity": "sha512-tQtKA9WIAhBF3+VLAseyMqZeBjW0AHJoxOtYqSUZNJxauErmLbVm2FW1y+J/YA9dUrAC39ITejlZWhVIwawkKw==",
			"requires": {
				"core-util-is": "~1.0.0",
				"inherits": "~2.0.3",
				"isarray": "~1.0.0",
				"process-nextick-args": "~2.0.0",
				"safe-buffer": "~5.1.1",
				"string_decoder": "~1.1.1",
				"util-deprecate": "~1.0.1"
			}
		},
		"regl": {
			"version": "1.3.9",
			"resolved": "https://registry.npmjs.org/regl/-/regl-1.3.9.tgz",
			"integrity": "sha512-CungQSUBsZNYZJWJlb2sPe4iwBjmxrgl1Yxt91HN3VuuEL7lJ5k03O3T1xEXVOCMN1q8wncddwJsxozuyzzmrA=="
		},
		"reselect": {
			"version": "3.0.1",
			"resolved": "https://registry.npmjs.org/reselect/-/reselect-3.0.1.tgz",
			"integrity": "sha1-79qpjqdFEyTQkrKyFjpqHXqaIUc="
		},
		"rollup": {
			"version": "1.0.0",
			"resolved": "https://registry.npmjs.org/rollup/-/rollup-1.0.0.tgz",
			"integrity": "sha512-LV6Qz+RkuDAfxr9YopU4k5o5P/QA7YNq9xi2Ug2IqOmhPt9sAm89vh3SkNtFok3bqZHX54eMJZ8F68HPejgqtw==",
			"dev": true,
			"requires": {
				"@types/estree": "0.0.39",
				"@types/node": "*",
				"acorn": "^6.0.4"
			}
		},
		"rollup-plugin-copy": {
			"version": "0.2.3",
			"resolved": "https://registry.npmjs.org/rollup-plugin-copy/-/rollup-plugin-copy-0.2.3.tgz",
			"integrity": "sha1-2sGrgdHyILrrmOXEwBCCUuHtu5g=",
			"dev": true,
			"requires": {
				"colors": "^1.1.2",
				"fs-extra": "^3.0.0"
			}
		},
		"rollup-plugin-terser": {
			"version": "4.0.1",
			"resolved": "https://registry.npmjs.org/rollup-plugin-terser/-/rollup-plugin-terser-4.0.1.tgz",
			"integrity": "sha512-+voWqlP1dtrGwWyy41S+pJAqXKY4vBKs3tDmpCo3NoHT3hVfLql1lzSLu4ciiSjbwTuBFNfSQ54me7+sx+Zi7Q==",
			"requires": {
				"@babel/code-frame": "^7.0.0",
				"escodegen": "^1.11.0",
				"jest-worker": "^23.2.0",
				"lave": "^1.1.10",
				"terser": "^3.14.0"
			}
		},
		"safe-buffer": {
			"version": "5.1.2",
			"resolved": "https://registry.npmjs.org/safe-buffer/-/safe-buffer-5.1.2.tgz",
			"integrity": "sha512-Gd2UZBJDkXlY7GbJxfsE8/nvKkUEU1G38c1siN6QP6a9PT9MmHB8GnpscSmMJSoF8LOIrt8ud/wPtojys4G6+g=="
		},
		"source-map": {
			"version": "0.6.1",
			"resolved": "https://registry.npmjs.org/source-map/-/source-map-0.6.1.tgz",
			"integrity": "sha512-UjgapumWlbMhkBgzT7Ykc5YXUT46F0iKu8SGXq0bcwP5dz/h0Plj6enJqjz1Zbq2l5WaqYnrVbwWOWMyF3F47g=="
		},
		"source-map-support": {
			"version": "0.5.9",
			"resolved": "https://registry.npmjs.org/source-map-support/-/source-map-support-0.5.9.tgz",
			"integrity": "sha512-gR6Rw4MvUlYy83vP0vxoVNzM6t8MUXqNuRsuBmBHQDu1Fh6X015FrLdgoDKcNdkwGubozq0P4N0Q37UyFVr1EA==",
			"requires": {
				"buffer-from": "^1.0.0",
				"source-map": "^0.6.0"
			}
		},
		"string_decoder": {
			"version": "1.1.1",
			"resolved": "http://registry.npmjs.org/string_decoder/-/string_decoder-1.1.1.tgz",
			"integrity": "sha512-n/ShnvDi6FHbbVfviro+WojiFzv+s8MPMHBczVePfUpDJLwoLT0ht1l4YwBCbi8pJAveEEdnkHyPyTP/mzRfwg==",
			"requires": {
				"safe-buffer": "~5.1.0"
			}
		},
		"supports-color": {
			"version": "5.5.0",
			"resolved": "https://registry.npmjs.org/supports-color/-/supports-color-5.5.0.tgz",
			"integrity": "sha512-QjVjwdXIt408MIiAqCX4oUKsgU2EqAGzs2Ppkm4aQYbjm+ZEWEcW4SfFNTr4uMNZma0ey4f5lgLrkB0aX0QMow==",
			"requires": {
				"has-flag": "^3.0.0"
			}
		},
		"terser": {
			"version": "3.14.0",
			"resolved": "https://registry.npmjs.org/terser/-/terser-3.14.0.tgz",
			"integrity": "sha512-KQC1QNKbC/K1ZUjLIWsezW7wkTJuB4v9ptQQUNOzAPVHuVf2LrwEcB0I9t2HTEYUwAFVGiiS6wc+P4ClLDc5FQ==",
			"requires": {
				"commander": "~2.17.1",
				"source-map": "~0.6.1",
				"source-map-support": "~0.5.6"
			}
		},
		"type-check": {
			"version": "0.3.2",
			"resolved": "https://registry.npmjs.org/type-check/-/type-check-0.3.2.tgz",
			"integrity": "sha1-WITKtRLPHTVeP7eE8wgEsrUg23I=",
			"requires": {
				"prelude-ls": "~1.1.2"
			}
		},
		"universalify": {
			"version": "0.1.2",
			"resolved": "https://registry.npmjs.org/universalify/-/universalify-0.1.2.tgz",
			"integrity": "sha512-rBJeI5CXAlmy1pV+617WB9J63U6XcazHHF2f2dbJix4XzpUF0RS3Zbj0FGIOCAva5P/d/GBOYaACQ1w+0azUkg==",
			"dev": true
		},
		"util-deprecate": {
			"version": "1.0.2",
			"resolved": "https://registry.npmjs.org/util-deprecate/-/util-deprecate-1.0.2.tgz",
			"integrity": "sha1-RQ1Nyfpw3nMnYvvS1KKJgUGaDM8="
		},
		"wordwrap": {
			"version": "1.0.0",
			"resolved": "https://registry.npmjs.org/wordwrap/-/wordwrap-1.0.0.tgz",
			"integrity": "sha1-J1hIEIkUVqQXHI0CJkQa3pDLyus="
		}
	}
}
