{
	"name": "regl-worldview",
	"version": "0.14.1",
	"lockfileVersion": 1,
	"requires": true,
	"dependencies": {
		"@babel/runtime": {
			"version": "7.4.3",
			"resolved": "https://registry.npmjs.org/@babel/runtime/-/runtime-7.4.3.tgz",
			"integrity": "sha512-9lsJwJLxDh/T3Q3SZszfWOTkk3pHbkmH+3KY+zwIDmsNlxsumuhS2TH3NIpktU4kNvfzy+k3eLT7aTJSPTo0OA==",
			"requires": {
				"regenerator-runtime": "^0.13.2"
			},
			"dependencies": {
				"regenerator-runtime": {
					"version": "0.13.2",
					"resolved": "https://registry.npmjs.org/regenerator-runtime/-/regenerator-runtime-0.13.2.tgz",
					"integrity": "sha512-S/TQAZJO+D3m9xeN1WTI8dLKBBiRgXBlTJvbWjCThHWZj9EvHK70Ff50/tYj2J/fvBY6JtFVwRuazHN2E7M9BA=="
				}
			}
		},
		"@mapbox/tiny-sdf": {
			"version": "1.1.1",
			"resolved": "https://registry.npmjs.org/@mapbox/tiny-sdf/-/tiny-sdf-1.1.1.tgz",
			"integrity": "sha512-Ihn1nZcGIswJ5XGbgFAvVumOgWpvIjBX9jiRlIl46uQG9vJOF51ViBYHF95rEZupuyQbEmhLaDPLQlU7fUTsBg=="
		},
		"distance-to-line-segment": {
			"version": "0.2.0",
			"resolved": "https://registry.npmjs.org/distance-to-line-segment/-/distance-to-line-segment-0.2.0.tgz",
			"integrity": "sha1-5FQnu4Ng61mob/2YFKdXjdLD1nk="
		},
		"earcut": {
			"version": "2.1.5",
			"resolved": "https://registry.npmjs.org/earcut/-/earcut-2.1.5.tgz",
			"integrity": "sha512-QFWC7ywTVLtvRAJTVp8ugsuuGQ5mVqNmJ1cRYeLrSHgP3nycr2RHTJob9OtM0v8ujuoKN0NY1a93J/omeTL1PA=="
		},
		"flow-bin": {
			"version": "0.80.0",
			"resolved": "https://registry.npmjs.org/flow-bin/-/flow-bin-0.80.0.tgz",
			"integrity": "sha512-0wRnqvXErQRPrx6GBLB5swgndfWkotd9MgfePgT7Z+VsE046c8Apzl7KKTCypB/pzn0pZF2g5Jurxxb2umET8g==",
			"dev": true
		},
		"gl-matrix": {
			"version": "2.8.1",
			"resolved": "https://registry.npmjs.org/gl-matrix/-/gl-matrix-2.8.1.tgz",
			"integrity": "sha512-0YCjVpE3pS5XWlN3J4X7AiAx65+nqAI54LndtVFnQZB6G/FVLkZH8y8V6R3cIoOQR4pUdfwQGd1iwyoXHJ4Qfw=="
		},
		"lodash": {
			"version": "4.17.11",
			"resolved": "https://registry.npmjs.org/lodash/-/lodash-4.17.11.tgz",
			"integrity": "sha512-cQKh8igo5QUhZ7lg38DYWAxMvjSAKG0A8wGSVimP07SIUEK2UO+arSRKbRZWtelMtN5V0Hkwh5ryOto/SshYIg=="
		},
		"memoize-one": {
			"version": "5.1.1",
			"resolved": "https://registry.npmjs.org/memoize-one/-/memoize-one-5.1.1.tgz",
			"integrity": "sha512-HKeeBpWvqiVJD57ZUAsJNm71eHTykffzcLZVYWiVfQeI1rJtuEaS7hQiEpWfVVk18donPwJEcFKIkCmPJNOhHA=="
		},
		"memoize-weak": {
			"version": "1.0.2",
			"resolved": "https://registry.npmjs.org/memoize-weak/-/memoize-weak-1.0.2.tgz",
			"integrity": "sha1-0AFaTHxs/yJj27tJ2x3CBuu5SRY="
		},
		"normalize-wheel": {
			"version": "1.0.1",
			"resolved": "https://registry.npmjs.org/normalize-wheel/-/normalize-wheel-1.0.1.tgz",
			"integrity": "sha1-rsiGr/2wRQcNhWRH32Ls+GFG7EU="
		},
		"regl": {
			"version": "1.3.11",
			"resolved": "https://registry.npmjs.org/regl/-/regl-1.3.11.tgz",
			"integrity": "sha512-tmt6CRhRqbcsYDWNwv+iG7GGOXdgoOBC7lKzoPMgnzpt3WKBQ3c8i7AxgbvTRZzty29hrW92fAJeZkPFQehfWA=="
		},
		"reselect": {
			"version": "3.0.1",
			"resolved": "https://registry.npmjs.org/reselect/-/reselect-3.0.1.tgz",
			"integrity": "sha1-79qpjqdFEyTQkrKyFjpqHXqaIUc="
		},
		"shallowequal": {
			"version": "1.1.0",
			"resolved": "https://registry.npmjs.org/shallowequal/-/shallowequal-1.1.0.tgz",
			"integrity": "sha512-y0m1JoUZSlPAjXVtPPW70aZWfIL/dSP7AFkRnniLCrK/8MDKog3TySTBmckD+RObVxH0v4Tox67+F14PdED2oQ=="
		}
	}
}