{
  "name": "@cruise-automation/button",
  "version": "0.0.7",
  "lockfileVersion": 1,
  "requires": true,
  "dependencies": {
    "classnames": {
      "version": "2.2.6",
      "resolved": "https://registry.npmjs.org/classnames/-/classnames-2.2.6.tgz",
      "integrity": "sha512-JR/iSQOSt+LQIWwrwEzJ9uk0xfN3mTVYMwt1Ir5mUcSN6pU+V4zQFFaJsclJbPuAUQH+yfWef6tm7l1quW3C8Q=="
    },
    "flow-bin": {
      "version": "0.80.0",
      "resolved": "https://registry.npmjs.org/flow-bin/-/flow-bin-0.80.0.tgz",
      "integrity": "sha512-0wRnqvXErQRPrx6GBLB5swgndfWkotd9MgfePgT7Z+VsE046c8Apzl7KKTCypB/pzn0pZF2g5Jurxxb2umET8g==",
      "dev": true
    }
  }
}
